
Microsoft Visual Studio Solution File, Format Version 12.00
# Visual Studio Version 16
VisualStudioVersion = 16.0.30204.135
MinimumVisualStudioVersion = 10.0.40219.1
Project("{FAE04EC0-301F-11D3-BF4B-00C04F79EFBC}") = "WebApplication", "WebApplication\WebApplication.csproj", "{5E7D5046-E7BC-4F4E-B205-A893D4EE8BEB}"
EndProject
Global
	GlobalSection(SolutionConfigurationPlatforms) = preSolution
		Debug|Any CPU = Debug|Any CPU
		Release|Any CPU = Release|Any CPU
	EndGlobalSection
	GlobalSection(ProjectConfigurationPlatforms) = postSolution
		{5E7D5046-E7BC-4F4E-B205-A893D4EE8BEB}.Debug|Any CPU.ActiveCfg = Debug|Any CPU
		{5E7D5046-E7BC-4F4E-B205-A893D4EE8BEB}.Debug|Any CPU.Build.0 = Debug|Any CPU
		{5E7D5046-E7BC-4F4E-B205-A893D4EE8BEB}.Release|Any CPU.ActiveCfg = Release|Any CPU
		{5E7D5046-E7BC-4F4E-B205-A893D4EE8BEB}.Release|Any CPU.Build.0 = Release|Any CPU
	EndGlobalSection
	GlobalSection(SolutionProperties) = preSolution
		HideSolutionNode = FALSE
	EndGlobalSection
	GlobalSection(ExtensibilityGlobals) = postSolution
		SolutionGuid = {787737F9-131D-42D3-89E1-CAD4405FBE9D}
	EndGlobalSection
EndGlobal
