
Microsoft Visual Studio Solution File, Format Version 12.00
# Visual Studio 15
VisualStudioVersion = 15.0.28307.421
MinimumVisualStudioVersion = 10.0.40219.1
Project("{FAE04EC0-301F-11D3-BF4B-00C04F79EFBC}") = "CadStandard", "CadStandard\CadStandard.csproj", "{304E6807-49DC-444C-9BC7-6440686E1984}"
EndProject
Global
	GlobalSection(SolutionConfigurationPlatforms) = preSolution
		Debug|Any CPU = Debug|Any CPU
		Release|Any CPU = Release|Any CPU
	EndGlobalSection
	GlobalSection(ProjectConfigurationPlatforms) = postSolution
		{304E6807-49DC-444C-9BC7-6440686E1984}.Debug|Any CPU.ActiveCfg = Debug|Any CPU
		{304E6807-49DC-444C-9BC7-6440686E1984}.Debug|Any CPU.Build.0 = Debug|Any CPU
		{304E6807-49DC-444C-9BC7-6440686E1984}.Release|Any CPU.ActiveCfg = Release|Any CPU
		{304E6807-49DC-444C-9BC7-6440686E1984}.Release|Any CPU.Build.0 = Release|Any CPU
	EndGlobalSection
	GlobalSection(SolutionProperties) = preSolution
		HideSolutionNode = FALSE
	EndGlobalSection
	GlobalSection(ExtensibilityGlobals) = postSolution
		SolutionGuid = {ADA517BF-5CAF-4C3D-A671-BB488D7E7A4A}
	EndGlobalSection
EndGlobal
